
Microsoft Visual Studio Solution File, Format Version 12.00
# Visual Studio Version 17
VisualStudioVersion = 17.9.34723.18
MinimumVisualStudioVersion = 10.0.40219.1
Project("{9A19103F-16F7-4668-BE54-9A1E7A4F7556}") = "WEBAPI_TareasPendientes", "WEBAPI_TareasPendientes\WEBAPI_TareasPendientes.csproj", "{F5931938-9C16-4D6E-BF50-E36F7FBBCC00}"
EndProject
Project("{9A19103F-16F7-4668-BE54-9A1E7A4F7556}") = "BlazorAppTareasPendientes", "BlazorAppTareasPendientes\BlazorAppTareasPendientes.csproj", "{D42EA0ED-FE6F-4F6D-8A04-8433A4D4AF0B}"
EndProject
Global
	GlobalSection(SolutionConfigurationPlatforms) = preSolution
		Debug|Any CPU = Debug|Any CPU
		Release|Any CPU = Release|Any CPU
	EndGlobalSection
	GlobalSection(ProjectConfigurationPlatforms) = postSolution
		{F5931938-9C16-4D6E-BF50-E36F7FBBCC00}.Debug|Any CPU.ActiveCfg = Debug|Any CPU
		{F5931938-9C16-4D6E-BF50-E36F7FBBCC00}.Debug|Any CPU.Build.0 = Debug|Any CPU
		{F5931938-9C16-4D6E-BF50-E36F7FBBCC00}.Release|Any CPU.ActiveCfg = Release|Any CPU
		{F5931938-9C16-4D6E-BF50-E36F7FBBCC00}.Release|Any CPU.Build.0 = Release|Any CPU
		{D42EA0ED-FE6F-4F6D-8A04-8433A4D4AF0B}.Debug|Any CPU.ActiveCfg = Debug|Any CPU
		{D42EA0ED-FE6F-4F6D-8A04-8433A4D4AF0B}.Debug|Any CPU.Build.0 = Debug|Any CPU
		{D42EA0ED-FE6F-4F6D-8A04-8433A4D4AF0B}.Release|Any CPU.ActiveCfg = Release|Any CPU
		{D42EA0ED-FE6F-4F6D-8A04-8433A4D4AF0B}.Release|Any CPU.Build.0 = Release|Any CPU
	EndGlobalSection
	GlobalSection(SolutionProperties) = preSolution
		HideSolutionNode = FALSE
	EndGlobalSection
	GlobalSection(ExtensibilityGlobals) = postSolution
		SolutionGuid = {BBF12341-8D32-4165-ADD3-03FA774A1EA1}
	EndGlobalSection
EndGlobal
